// !$*UTF8*$!
{
	archiveVersion = 1;
	classes = {
	};
	objectVersion = 50;
	objects = {

/* Begin PBXBuildFile section */
		2121DDB1E57E027429A426BC /* libPods-JavaScriptCoreDemoUITests.a in Frameworks */ = {isa = PBXBuildFile; fileRef = 18C8D445BF0D849AD0AC8BB6 /* libPods-JavaScriptCoreDemoUITests.a */; };
		4695EFBC2383BECB00B99505 /* mainTest.js in Resources */ = {isa = PBXBuildFile; fileRef = 4695EFBB2383BECB00B99505 /* mainTest.js */; };
		4695EFC02383C8F400B99505 /* MyObject.m in Sources */ = {isa = PBXBuildFile; fileRef = 4695EFBF2383C8F400B99505 /* MyObject.m */; };
		4695EFC22383CC4800B99505 /* JSRenderUIView.js in Resources */ = {isa = PBXBuildFile; fileRef = 4695EFC12383CC4800B99505 /* JSRenderUIView.js */; };
		4695EFC82383CF0000B99505 /* Globle.m in Sources */ = {isa = PBXBuildFile; fileRef = 4695EFC72383CF0000B99505 /* Globle.m */; };
		4695EFCD2386832E00B99505 /* MyHitTestView.m in Sources */ = {isa = PBXBuildFile; fileRef = 4695EFCC2386832E00B99505 /* MyHitTestView.m */; };
		4695F0D62398F76E00B99505 /* FHCStackViewController.m in Sources */ = {isa = PBXBuildFile; fileRef = 4695F0D52398F76E00B99505 /* FHCStackViewController.m */; };
		4695F0DB2398FF4800B99505 /* FHCStackViewXibViewController.m in Sources */ = {isa = PBXBuildFile; fileRef = 4695F0D92398FF4800B99505 /* FHCStackViewXibViewController.m */; };
		4695F0DC2398FF4900B99505 /* FHCStackViewXibViewController.xib in Resources */ = {isa = PBXBuildFile; fileRef = 4695F0DA2398FF4800B99505 /* FHCStackViewXibViewController.xib */; };
		46E02B62238222F900AB5D75 /* AppDelegate.m in Sources */ = {isa = PBXBuildFile; fileRef = 46E02B61238222F900AB5D75 /* AppDelegate.m */; };
		46E02B65238222FA00AB5D75 /* ViewController.m in Sources */ = {isa = PBXBuildFile; fileRef = 46E02B64238222FA00AB5D75 /* ViewController.m */; };
		46E02B68238222FA00AB5D75 /* Main.storyboard in Resources */ = {isa = PBXBuildFile; fileRef = 46E02B66238222FA00AB5D75 /* Main.storyboard */; };
		46E02B6A238222FB00AB5D75 /* Assets.xcassets in Resources */ = {isa = PBXBuildFile; fileRef = 46E02B69238222FB00AB5D75 /* Assets.xcassets */; };
		46E02B6D238222FB00AB5D75 /* LaunchScreen.storyboard in Resources */ = {isa = PBXBuildFile; fileRef = 46E02B6B238222FB00AB5D75 /* LaunchScreen.storyboard */; };
		46E02B70238222FB00AB5D75 /* main.m in Sources */ = {isa = PBXBuildFile; fileRef = 46E02B6F238222FB00AB5D75 /* main.m */; };
		46E02B7A238222FB00AB5D75 /* JavaScriptCoreDemoTests.m in Sources */ = {isa = PBXBuildFile; fileRef = 46E02B79238222FB00AB5D75 /* JavaScriptCoreDemoTests.m */; };
		46E02B85238222FB00AB5D75 /* JavaScriptCoreDemoUITests.m in Sources */ = {isa = PBXBuildFile; fileRef = 46E02B84238222FB00AB5D75 /* JavaScriptCoreDemoUITests.m */; };
		46E02B952382237C00AB5D75 /* HomeOneViewController.m in Sources */ = {isa = PBXBuildFile; fileRef = 46E02B942382237C00AB5D75 /* HomeOneViewController.m */; };
		46E02B982382238A00AB5D75 /* HomeTwoViewController.m in Sources */ = {isa = PBXBuildFile; fileRef = 46E02B972382238A00AB5D75 /* HomeTwoViewController.m */; };
		46E02B9B2382239600AB5D75 /* HomeThreeViewController.m in Sources */ = {isa = PBXBuildFile; fileRef = 46E02B9A2382239600AB5D75 /* HomeThreeViewController.m */; };
		46E02B9E238223A400AB5D75 /* HomeFourViewController.m in Sources */ = {isa = PBXBuildFile; fileRef = 46E02B9D238223A400AB5D75 /* HomeFourViewController.m */; };
		46E02BA1238224F600AB5D75 /* FHCTabBarController.m in Sources */ = {isa = PBXBuildFile; fileRef = 46E02BA0238224F600AB5D75 /* FHCTabBarController.m */; };
		46E02BA42382257700AB5D75 /* FHCNavigationController.m in Sources */ = {isa = PBXBuildFile; fileRef = 46E02BA32382257700AB5D75 /* FHCNavigationController.m */; };
		46E02BA6238238B700AB5D75 /* ocEvaluateScript.js in Resources */ = {isa = PBXBuildFile; fileRef = 46E02BA5238238B700AB5D75 /* ocEvaluateScript.js */; };
		46E02BA823823DF900AB5D75 /* scriptEvaluateOC.js in Resources */ = {isa = PBXBuildFile; fileRef = 46E02BA723823DF900AB5D75 /* scriptEvaluateOC.js */; };
		46E02BAA23828F7400AB5D75 /* view.js in Resources */ = {isa = PBXBuildFile; fileRef = 46E02BA923828F7400AB5D75 /* view.js */; };
		78B7CE44BA70BF5FFB4950C9 /* libPods-JavaScriptCoreDemo.a in Frameworks */ = {isa = PBXBuildFile; fileRef = D14440165E260F5011F4A61E /* libPods-JavaScriptCoreDemo.a */; };
		D72270CBA75FA2975C6064E2 /* libPods-JavaScriptCoreDemoTests.a in Frameworks */ = {isa = PBXBuildFile; fileRef = ED853E799D5EC24ED1D3EBE3 /* libPods-JavaScriptCoreDemoTests.a */; };
/* End PBXBuildFile section */

/* Begin PBXContainerItemProxy section */
		46E02B76238222FB00AB5D75 /* PBXContainerItemProxy */ = {
			isa = PBXContainerItemProxy;
			containerPortal = 46E02B55238222F900AB5D75 /* Project object */;
			proxyType = 1;
			remoteGlobalIDString = 46E02B5C238222F900AB5D75;
			remoteInfo = JavaScriptCoreDemo;
		};
		46E02B81238222FB00AB5D75 /* PBXContainerItemProxy */ = {
			isa = PBXContainerItemProxy;
			containerPortal = 46E02B55238222F900AB5D75 /* Project object */;
			proxyType = 1;
			remoteGlobalIDString = 46E02B5C238222F900AB5D75;
			remoteInfo = JavaScriptCoreDemo;
		};
/* End PBXContainerItemProxy section */

/* Begin PBXFileReference section */
		0C05B16D5199BFB52BE9F310 /* Pods-JavaScriptCoreDemoUITests.release.xcconfig */ = {isa = PBXFileReference; includeInIndex = 1; lastKnownFileType = text.xcconfig; name = "Pods-JavaScriptCoreDemoUITests.release.xcconfig"; path = "Target Support Files/Pods-JavaScriptCoreDemoUITests/Pods-JavaScriptCoreDemoUITests.release.xcconfig"; sourceTree = "<group>"; };
		131A803C9F46C0D1AFF8204C /* Pods-JavaScriptCoreDemoTests.release.xcconfig */ = {isa = PBXFileReference; includeInIndex = 1; lastKnownFileType = text.xcconfig; name = "Pods-JavaScriptCoreDemoTests.release.xcconfig"; path = "Target Support Files/Pods-JavaScriptCoreDemoTests/Pods-JavaScriptCoreDemoTests.release.xcconfig"; sourceTree = "<group>"; };
		18C8D445BF0D849AD0AC8BB6 /* libPods-JavaScriptCoreDemoUITests.a */ = {isa = PBXFileReference; explicitFileType = archive.ar; includeInIndex = 0; path = "libPods-JavaScriptCoreDemoUITests.a"; sourceTree = BUILT_PRODUCTS_DIR; };
		373F42CA785BA30211E99965 /* Pods-JavaScriptCoreDemoTests.debug.xcconfig */ = {isa = PBXFileReference; includeInIndex = 1; lastKnownFileType = text.xcconfig; name = "Pods-JavaScriptCoreDemoTests.debug.xcconfig"; path = "Target Support Files/Pods-JavaScriptCoreDemoTests/Pods-JavaScriptCoreDemoTests.debug.xcconfig"; sourceTree = "<group>"; };
		4695EFBB2383BECB00B99505 /* mainTest.js */ = {isa = PBXFileReference; lastKnownFileType = sourcecode.javascript; path = mainTest.js; sourceTree = "<group>"; };
		4695EFBE2383C8F400B99505 /* MyObject.h */ = {isa = PBXFileReference; lastKnownFileType = sourcecode.c.h; path = MyObject.h; sourceTree = "<group>"; };
		4695EFBF2383C8F400B99505 /* MyObject.m */ = {isa = PBXFileReference; lastKnownFileType = sourcecode.c.objc; path = MyObject.m; sourceTree = "<group>"; };
		4695EFC12383CC4800B99505 /* JSRenderUIView.js */ = {isa = PBXFileReference; lastKnownFileType = sourcecode.javascript; path = JSRenderUIView.js; sourceTree = "<group>"; };
		4695EFC62383CF0000B99505 /* Globle.h */ = {isa = PBXFileReference; lastKnownFileType = sourcecode.c.h; path = Globle.h; sourceTree = "<group>"; };
		4695EFC72383CF0000B99505 /* Globle.m */ = {isa = PBXFileReference; lastKnownFileType = sourcecode.c.objc; path = Globle.m; sourceTree = "<group>"; };
		4695EFCB2386832E00B99505 /* MyHitTestView.h */ = {isa = PBXFileReference; lastKnownFileType = sourcecode.c.h; path = MyHitTestView.h; sourceTree = "<group>"; };
		4695EFCC2386832E00B99505 /* MyHitTestView.m */ = {isa = PBXFileReference; lastKnownFileType = sourcecode.c.objc; path = MyHitTestView.m; sourceTree = "<group>"; };
		4695F0D42398F76E00B99505 /* FHCStackViewController.h */ = {isa = PBXFileReference; lastKnownFileType = sourcecode.c.h; path = FHCStackViewController.h; sourceTree = "<group>"; };
		4695F0D52398F76E00B99505 /* FHCStackViewController.m */ = {isa = PBXFileReference; lastKnownFileType = sourcecode.c.objc; path = FHCStackViewController.m; sourceTree = "<group>"; };
		4695F0D72398F7B500B99505 /* PrefixHeader.pch */ = {isa = PBXFileReference; lastKnownFileType = sourcecode.c.h; path = PrefixHeader.pch; sourceTree = "<group>"; };
		4695F0D82398FF4800B99505 /* FHCStackViewXibViewController.h */ = {isa = PBXFileReference; lastKnownFileType = sourcecode.c.h; path = FHCStackViewXibViewController.h; sourceTree = "<group>"; };
		4695F0D92398FF4800B99505 /* FHCStackViewXibViewController.m */ = {isa = PBXFileReference; lastKnownFileType = sourcecode.c.objc; path = FHCStackViewXibViewController.m; sourceTree = "<group>"; };
		4695F0DA2398FF4800B99505 /* FHCStackViewXibViewController.xib */ = {isa = PBXFileReference; lastKnownFileType = file.xib; path = FHCStackViewXibViewController.xib; sourceTree = "<group>"; };
		46E02B5D238222F900AB5D75 /* JavaScriptCoreDemo.app */ = {isa = PBXFileReference; explicitFileType = wrapper.application; includeInIndex = 0; path = JavaScriptCoreDemo.app; sourceTree = BUILT_PRODUCTS_DIR; };
		46E02B60238222F900AB5D75 /* AppDelegate.h */ = {isa = PBXFileReference; lastKnownFileType = sourcecode.c.h; path = AppDelegate.h; sourceTree = "<group>"; };
		46E02B61238222F900AB5D75 /* AppDelegate.m */ = {isa = PBXFileReference; lastKnownFileType = sourcecode.c.objc; path = AppDelegate.m; sourceTree = "<group>"; };
		46E02B63238222F900AB5D75 /* ViewController.h */ = {isa = PBXFileReference; lastKnownFileType = sourcecode.c.h; path = ViewController.h; sourceTree = "<group>"; };
		46E02B64238222FA00AB5D75 /* ViewController.m */ = {isa = PBXFileReference; lastKnownFileType = sourcecode.c.objc; path = ViewController.m; sourceTree = "<group>"; };
		46E02B67238222FA00AB5D75 /* Base */ = {isa = PBXFileReference; lastKnownFileType = file.storyboard; name = Base; path = Base.lproj/Main.storyboard; sourceTree = "<group>"; };
		46E02B69238222FB00AB5D75 /* Assets.xcassets */ = {isa = PBXFileReference; lastKnownFileType = folder.assetcatalog; path = Assets.xcassets; sourceTree = "<group>"; };
		46E02B6C238222FB00AB5D75 /* Base */ = {isa = PBXFileReference; lastKnownFileType = file.storyboard; name = Base; path = Base.lproj/LaunchScreen.storyboard; sourceTree = "<group>"; };
		46E02B6E238222FB00AB5D75 /* Info.plist */ = {isa = PBXFileReference; lastKnownFileType = text.plist.xml; path = Info.plist; sourceTree = "<group>"; };
		46E02B6F238222FB00AB5D75 /* main.m */ = {isa = PBXFileReference; lastKnownFileType = sourcecode.c.objc; path = main.m; sourceTree = "<group>"; };
		46E02B75238222FB00AB5D75 /* JavaScriptCoreDemoTests.xctest */ = {isa = PBXFileReference; explicitFileType = wrapper.cfbundle; includeInIndex = 0; path = JavaScriptCoreDemoTests.xctest; sourceTree = BUILT_PRODUCTS_DIR; };
		46E02B79238222FB00AB5D75 /* JavaScriptCoreDemoTests.m */ = {isa = PBXFileReference; lastKnownFileType = sourcecode.c.objc; path = JavaScriptCoreDemoTests.m; sourceTree = "<group>"; };
		46E02B7B238222FB00AB5D75 /* Info.plist */ = {isa = PBXFileReference; lastKnownFileType = text.plist.xml; path = Info.plist; sourceTree = "<group>"; };
		46E02B80238222FB00AB5D75 /* JavaScriptCoreDemoUITests.xctest */ = {isa = PBXFileReference; explicitFileType = wrapper.cfbundle; includeInIndex = 0; path = JavaScriptCoreDemoUITests.xctest; sourceTree = BUILT_PRODUCTS_DIR; };
		46E02B84238222FB00AB5D75 /* JavaScriptCoreDemoUITests.m */ = {isa = PBXFileReference; lastKnownFileType = sourcecode.c.objc; path = JavaScriptCoreDemoUITests.m; sourceTree = "<group>"; };
		46E02B86238222FB00AB5D75 /* Info.plist */ = {isa = PBXFileReference; lastKnownFileType = text.plist.xml; path = Info.plist; sourceTree = "<group>"; };
		46E02B932382237C00AB5D75 /* HomeOneViewController.h */ = {isa = PBXFileReference; lastKnownFileType = sourcecode.c.h; path = HomeOneViewController.h; sourceTree = "<group>"; };
		46E02B942382237C00AB5D75 /* HomeOneViewController.m */ = {isa = PBXFileReference; lastKnownFileType = sourcecode.c.objc; path = HomeOneViewController.m; sourceTree = "<group>"; };
		46E02B962382238A00AB5D75 /* HomeTwoViewController.h */ = {isa = PBXFileReference; lastKnownFileType = sourcecode.c.h; path = HomeTwoViewController.h; sourceTree = "<group>"; };
		46E02B972382238A00AB5D75 /* HomeTwoViewController.m */ = {isa = PBXFileReference; lastKnownFileType = sourcecode.c.objc; path = HomeTwoViewController.m; sourceTree = "<group>"; };
		46E02B992382239600AB5D75 /* HomeThreeViewController.h */ = {isa = PBXFileReference; lastKnownFileType = sourcecode.c.h; path = HomeThreeViewController.h; sourceTree = "<group>"; };
		46E02B9A2382239600AB5D75 /* HomeThreeViewController.m */ = {isa = PBXFileReference; lastKnownFileType = sourcecode.c.objc; path = HomeThreeViewController.m; sourceTree = "<group>"; };
		46E02B9C238223A400AB5D75 /* HomeFourViewController.h */ = {isa = PBXFileReference; lastKnownFileType = sourcecode.c.h; path = HomeFourViewController.h; sourceTree = "<group>"; };
		46E02B9D238223A400AB5D75 /* HomeFourViewController.m */ = {isa = PBXFileReference; lastKnownFileType = sourcecode.c.objc; path = HomeFourViewController.m; sourceTree = "<group>"; };
		46E02B9F238224F600AB5D75 /* FHCTabBarController.h */ = {isa = PBXFileReference; lastKnownFileType = sourcecode.c.h; path = FHCTabBarController.h; sourceTree = "<group>"; };
		46E02BA0238224F600AB5D75 /* FHCTabBarController.m */ = {isa = PBXFileReference; lastKnownFileType = sourcecode.c.objc; path = FHCTabBarController.m; sourceTree = "<group>"; };
		46E02BA22382257700AB5D75 /* FHCNavigationController.h */ = {isa = PBXFileReference; lastKnownFileType = sourcecode.c.h; path = FHCNavigationController.h; sourceTree = "<group>"; };
		46E02BA32382257700AB5D75 /* FHCNavigationController.m */ = {isa = PBXFileReference; lastKnownFileType = sourcecode.c.objc; path = FHCNavigationController.m; sourceTree = "<group>"; };
		46E02BA5238238B700AB5D75 /* ocEvaluateScript.js */ = {isa = PBXFileReference; lastKnownFileType = sourcecode.javascript; path = ocEvaluateScript.js; sourceTree = "<group>"; };
		46E02BA723823DF900AB5D75 /* scriptEvaluateOC.js */ = {isa = PBXFileReference; lastKnownFileType = sourcecode.javascript; path = scriptEvaluateOC.js; sourceTree = "<group>"; };
		46E02BA923828F7400AB5D75 /* view.js */ = {isa = PBXFileReference; lastKnownFileType = sourcecode.javascript; path = view.js; sourceTree = "<group>"; };
		63AF5482771A676A3871F914 /* Pods-JavaScriptCoreDemo.release.xcconfig */ = {isa = PBXFileReference; includeInIndex = 1; lastKnownFileType = text.xcconfig; name = "Pods-JavaScriptCoreDemo.release.xcconfig"; path = "Target Support Files/Pods-JavaScriptCoreDemo/Pods-JavaScriptCoreDemo.release.xcconfig"; sourceTree = "<group>"; };
		A40617718A97F94C51148DE5 /* Pods-JavaScriptCoreDemo.debug.xcconfig */ = {isa = PBXFileReference; includeInIndex = 1; lastKnownFileType = text.xcconfig; name = "Pods-JavaScriptCoreDemo.debug.xcconfig"; path = "Target Support Files/Pods-JavaScriptCoreDemo/Pods-JavaScriptCoreDemo.debug.xcconfig"; sourceTree = "<group>"; };
		D14440165E260F5011F4A61E /* libPods-JavaScriptCoreDemo.a */ = {isa = PBXFileReference; explicitFileType = archive.ar; includeInIndex = 0; path = "libPods-JavaScriptCoreDemo.a"; sourceTree = BUILT_PRODUCTS_DIR; };
		ED853E799D5EC24ED1D3EBE3 /* libPods-JavaScriptCoreDemoTests.a */ = {isa = PBXFileReference; explicitFileType = archive.ar; includeInIndex = 0; path = "libPods-JavaScriptCoreDemoTests.a"; sourceTree = BUILT_PRODUCTS_DIR; };
		FFE0930AF0D1D69D29C64387 /* Pods-JavaScriptCoreDemoUITests.debug.xcconfig */ = {isa = PBXFileReference; includeInIndex = 1; lastKnownFileType = text.xcconfig; name = "Pods-JavaScriptCoreDemoUITests.debug.xcconfig"; path = "Target Support Files/Pods-JavaScriptCoreDemoUITests/Pods-JavaScriptCoreDemoUITests.debug.xcconfig"; sourceTree = "<group>"; };
/* End PBXFileReference section */

/* Begin PBXFrameworksBuildPhase section */
		46E02B5A238222F900AB5D75 /* Frameworks */ = {
			isa = PBXFrameworksBuildPhase;
			buildActionMask = 2147483647;
			files = (
				78B7CE44BA70BF5FFB4950C9 /* libPods-JavaScriptCoreDemo.a in Frameworks */,
			);
			runOnlyForDeploymentPostprocessing = 0;
		};
		46E02B72238222FB00AB5D75 /* Frameworks */ = {
			isa = PBXFrameworksBuildPhase;
			buildActionMask = 2147483647;
			files = (
				D72270CBA75FA2975C6064E2 /* libPods-JavaScriptCoreDemoTests.a in Frameworks */,
			);
			runOnlyForDeploymentPostprocessing = 0;
		};
		46E02B7D238222FB00AB5D75 /* Frameworks */ = {
			isa = PBXFrameworksBuildPhase;
			buildActionMask = 2147483647;
			files = (
				2121DDB1E57E027429A426BC /* libPods-JavaScriptCoreDemoUITests.a in Frameworks */,
			);
			runOnlyForDeploymentPostprocessing = 0;
		};
/* End PBXFrameworksBuildPhase section */

/* Begin PBXGroup section */
		4695EFBD2383C8C800B99505 /* JSNative */ = {
			isa = PBXGroup;
			children = (
				4695EFBE2383C8F400B99505 /* MyObject.h */,
				4695EFBF2383C8F400B99505 /* MyObject.m */,
				4695EFC62383CF0000B99505 /* Globle.h */,
				4695EFC72383CF0000B99505 /* Globle.m */,
			);
			path = JSNative;
			sourceTree = "<group>";
		};
		4695EFCA2386830900B99505 /* Views */ = {
			isa = PBXGroup;
			children = (
				4695EFCB2386832E00B99505 /* MyHitTestView.h */,
				4695EFCC2386832E00B99505 /* MyHitTestView.m */,
			);
			path = Views;
			sourceTree = "<group>";
		};
		4695F0D32398F5E800B99505 /* UIStackView */ = {
			isa = PBXGroup;
			children = (
				4695F0D42398F76E00B99505 /* FHCStackViewController.h */,
				4695F0D52398F76E00B99505 /* FHCStackViewController.m */,
				4695F0D82398FF4800B99505 /* FHCStackViewXibViewController.h */,
				4695F0D92398FF4800B99505 /* FHCStackViewXibViewController.m */,
				4695F0DA2398FF4800B99505 /* FHCStackViewXibViewController.xib */,
			);
			path = UIStackView;
			sourceTree = "<group>";
		};
		46E02B54238222F900AB5D75 = {
			isa = PBXGroup;
			children = (
				4695F0D72398F7B500B99505 /* PrefixHeader.pch */,
				46E02B5F238222F900AB5D75 /* JavaScriptCoreDemo */,
				46E02B78238222FB00AB5D75 /* JavaScriptCoreDemoTests */,
				46E02B83238222FB00AB5D75 /* JavaScriptCoreDemoUITests */,
				46E02B5E238222F900AB5D75 /* Products */,
				DFE8FA52AFF24E35F7C9B583 /* Pods */,
				C447370FCC4D50C146DCB920 /* Frameworks */,
			);
			sourceTree = "<group>";
		};
		46E02B5E238222F900AB5D75 /* Products */ = {
			isa = PBXGroup;
			children = (
				46E02B5D238222F900AB5D75 /* JavaScriptCoreDemo.app */,
				46E02B75238222FB00AB5D75 /* JavaScriptCoreDemoTests.xctest */,
				46E02B80238222FB00AB5D75 /* JavaScriptCoreDemoUITests.xctest */,
			);
			name = Products;
			sourceTree = "<group>";
		};
		46E02B5F238222F900AB5D75 /* JavaScriptCoreDemo */ = {
			isa = PBXGroup;
			children = (
				4695F0D32398F5E800B99505 /* UIStackView */,
				4695EFCA2386830900B99505 /* Views */,
				4695EFBD2383C8C800B99505 /* JSNative */,
				46E02B922382234A00AB5D75 /* ViewController */,
				46E02B60238222F900AB5D75 /* AppDelegate.h */,
				46E02B61238222F900AB5D75 /* AppDelegate.m */,
				46E02B63238222F900AB5D75 /* ViewController.h */,
				46E02B64238222FA00AB5D75 /* ViewController.m */,
				46E02B9F238224F600AB5D75 /* FHCTabBarController.h */,
				46E02BA0238224F600AB5D75 /* FHCTabBarController.m */,
				46E02BA22382257700AB5D75 /* FHCNavigationController.h */,
				46E02BA32382257700AB5D75 /* FHCNavigationController.m */,
				46E02B66238222FA00AB5D75 /* Main.storyboard */,
				46E02B69238222FB00AB5D75 /* Assets.xcassets */,
				46E02B6B238222FB00AB5D75 /* LaunchScreen.storyboard */,
				46E02B6E238222FB00AB5D75 /* Info.plist */,
				46E02B6F238222FB00AB5D75 /* main.m */,
			);
			path = JavaScriptCoreDemo;
			sourceTree = "<group>";
		};
		46E02B78238222FB00AB5D75 /* JavaScriptCoreDemoTests */ = {
			isa = PBXGroup;
			children = (
				46E02B79238222FB00AB5D75 /* JavaScriptCoreDemoTests.m */,
				46E02B7B238222FB00AB5D75 /* Info.plist */,
			);
			path = JavaScriptCoreDemoTests;
			sourceTree = "<group>";
		};
		46E02B83238222FB00AB5D75 /* JavaScriptCoreDemoUITests */ = {
			isa = PBXGroup;
			children = (
				46E02B84238222FB00AB5D75 /* JavaScriptCoreDemoUITests.m */,
				46E02B86238222FB00AB5D75 /* Info.plist */,
			);
			path = JavaScriptCoreDemoUITests;
			sourceTree = "<group>";
		};
		46E02B922382234A00AB5D75 /* ViewController */ = {
			isa = PBXGroup;
			children = (
				46E02B932382237C00AB5D75 /* HomeOneViewController.h */,
				46E02B942382237C00AB5D75 /* HomeOneViewController.m */,
				46E02B962382238A00AB5D75 /* HomeTwoViewController.h */,
				46E02B972382238A00AB5D75 /* HomeTwoViewController.m */,
				46E02B992382239600AB5D75 /* HomeThreeViewController.h */,
				46E02B9A2382239600AB5D75 /* HomeThreeViewController.m */,
				46E02B9C238223A400AB5D75 /* HomeFourViewController.h */,
				46E02B9D238223A400AB5D75 /* HomeFourViewController.m */,
				46E02BA5238238B700AB5D75 /* ocEvaluateScript.js */,
				46E02BA723823DF900AB5D75 /* scriptEvaluateOC.js */,
				46E02BA923828F7400AB5D75 /* view.js */,
				4695EFBB2383BECB00B99505 /* mainTest.js */,
				4695EFC12383CC4800B99505 /* JSRenderUIView.js */,
			);
			path = ViewController;
			sourceTree = "<group>";
		};
		C447370FCC4D50C146DCB920 /* Frameworks */ = {
			isa = PBXGroup;
			children = (
				D14440165E260F5011F4A61E /* libPods-JavaScriptCoreDemo.a */,
				ED853E799D5EC24ED1D3EBE3 /* libPods-JavaScriptCoreDemoTests.a */,
				18C8D445BF0D849AD0AC8BB6 /* libPods-JavaScriptCoreDemoUITests.a */,
			);
			name = Frameworks;
			sourceTree = "<group>";
		};
		DFE8FA52AFF24E35F7C9B583 /* Pods */ = {
			isa = PBXGroup;
			children = (
				A40617718A97F94C51148DE5 /* Pods-JavaScriptCoreDemo.debug.xcconfig */,
				63AF5482771A676A3871F914 /* Pods-JavaScriptCoreDemo.release.xcconfig */,
				373F42CA785BA30211E99965 /* Pods-JavaScriptCoreDemoTests.debug.xcconfig */,
				131A803C9F46C0D1AFF8204C /* Pods-JavaScriptCoreDemoTests.release.xcconfig */,
				FFE0930AF0D1D69D29C64387 /* Pods-JavaScriptCoreDemoUITests.debug.xcconfig */,
				0C05B16D5199BFB52BE9F310 /* Pods-JavaScriptCoreDemoUITests.release.xcconfig */,
			);
			path = Pods;
			sourceTree = "<group>";
		};
/* End PBXGroup section */

/* Begin PBXNativeTarget section */
		46E02B5C238222F900AB5D75 /* JavaScriptCoreDemo */ = {
			isa = PBXNativeTarget;
			buildConfigurationList = 46E02B89238222FB00AB5D75 /* Build configuration list for PBXNativeTarget "JavaScriptCoreDemo" */;
			buildPhases = (
				BDB2F7FD840EE23010C3C260 /* [CP] Check Pods Manifest.lock */,
				46E02B59238222F900AB5D75 /* Sources */,
				46E02B5A238222F900AB5D75 /* Frameworks */,
				46E02B5B238222F900AB5D75 /* Resources */,
			);
			buildRules = (
			);
			dependencies = (
			);
			name = JavaScriptCoreDemo;
			productName = JavaScriptCoreDemo;
			productReference = 46E02B5D238222F900AB5D75 /* JavaScriptCoreDemo.app */;
			productType = "com.apple.product-type.application";
		};
		46E02B74238222FB00AB5D75 /* JavaScriptCoreDemoTests */ = {
			isa = PBXNativeTarget;
			buildConfigurationList = 46E02B8C238222FB00AB5D75 /* Build configuration list for PBXNativeTarget "JavaScriptCoreDemoTests" */;
			buildPhases = (
				93F2D92A6F80B7B7790CADAB /* [CP] Check Pods Manifest.lock */,
				46E02B71238222FB00AB5D75 /* Sources */,
				46E02B72238222FB00AB5D75 /* Frameworks */,
				46E02B73238222FB00AB5D75 /* Resources */,
			);
			buildRules = (
			);
			dependencies = (
				46E02B77238222FB00AB5D75 /* PBXTargetDependency */,
			);
			name = JavaScriptCoreDemoTests;
			productName = JavaScriptCoreDemoTests;
			productReference = 46E02B75238222FB00AB5D75 /* JavaScriptCoreDemoTests.xctest */;
			productType = "com.apple.product-type.bundle.unit-test";
		};
		46E02B7F238222FB00AB5D75 /* JavaScriptCoreDemoUITests */ = {
			isa = PBXNativeTarget;
			buildConfigurationList = 46E02B8F238222FB00AB5D75 /* Build configuration list for PBXNativeTarget "JavaScriptCoreDemoUITests" */;
			buildPhases = (
				8C641B57A4FADC2E2949B995 /* [CP] Check Pods Manifest.lock */,
				46E02B7C238222FB00AB5D75 /* Sources */,
				46E02B7D238222FB00AB5D75 /* Frameworks */,
				46E02B7E238222FB00AB5D75 /* Resources */,
			);
			buildRules = (
			);
			dependencies = (
				46E02B82238222FB00AB5D75 /* PBXTargetDependency */,
			);
			name = JavaScriptCoreDemoUITests;
			productName = JavaScriptCoreDemoUITests;
			productReference = 46E02B80238222FB00AB5D75 /* JavaScriptCoreDemoUITests.xctest */;
			productType = "com.apple.product-type.bundle.ui-testing";
		};
/* End PBXNativeTarget section */

/* Begin PBXProject section */
		46E02B55238222F900AB5D75 /* Project object */ = {
			isa = PBXProject;
			attributes = {
				LastUpgradeCheck = 1010;
				ORGANIZATIONNAME = "fuhuicong-yfzx";
				TargetAttributes = {
					46E02B5C238222F900AB5D75 = {
						CreatedOnToolsVersion = 10.1;
					};
					46E02B74238222FB00AB5D75 = {
						CreatedOnToolsVersion = 10.1;
						TestTargetID = 46E02B5C238222F900AB5D75;
					};
					46E02B7F238222FB00AB5D75 = {
						CreatedOnToolsVersion = 10.1;
						TestTargetID = 46E02B5C238222F900AB5D75;
					};
				};
			};
			buildConfigurationList = 46E02B58238222F900AB5D75 /* Build configuration list for PBXProject "JavaScriptCoreDemo" */;
			compatibilityVersion = "Xcode 9.3";
			developmentRegion = en;
			hasScannedForEncodings = 0;
			knownRegions = (
				en,
				Base,
			);
			mainGroup = 46E02B54238222F900AB5D75;
			productRefGroup = 46E02B5E238222F900AB5D75 /* Products */;
			projectDirPath = "";
			projectRoot = "";
			targets = (
				46E02B5C238222F900AB5D75 /* JavaScriptCoreDemo */,
				46E02B74238222FB00AB5D75 /* JavaScriptCoreDemoTests */,
				46E02B7F238222FB00AB5D75 /* JavaScriptCoreDemoUITests */,
			);
		};
/* End PBXProject section */

/* Begin PBXResourcesBuildPhase section */
		46E02B5B238222F900AB5D75 /* Resources */ = {
			isa = PBXResourcesBuildPhase;
			buildActionMask = 2147483647;
			files = (
				4695EFBC2383BECB00B99505 /* mainTest.js in Resources */,
				46E02BA823823DF900AB5D75 /* scriptEvaluateOC.js in Resources */,
				4695EFC22383CC4800B99505 /* JSRenderUIView.js in Resources */,
				46E02BA6238238B700AB5D75 /* ocEvaluateScript.js in Resources */,
				46E02B6D238222FB00AB5D75 /* LaunchScreen.storyboard in Resources */,
				4695F0DC2398FF4900B99505 /* FHCStackViewXibViewController.xib in Resources */,
				46E02BAA23828F7400AB5D75 /* view.js in Resources */,
				46E02B6A238222FB00AB5D75 /* Assets.xcassets in Resources */,
				46E02B68238222FA00AB5D75 /* Main.storyboard in Resources */,
			);
			runOnlyForDeploymentPostprocessing = 0;
		};
		46E02B73238222FB00AB5D75 /* Resources */ = {
			isa = PBXResourcesBuildPhase;
			buildActionMask = 2147483647;
			files = (
			);
			runOnlyForDeploymentPostprocessing = 0;
		};
		46E02B7E238222FB00AB5D75 /* Resources */ = {
			isa = PBXResourcesBuildPhase;
			buildActionMask = 2147483647;
			files = (
			);
			runOnlyForDeploymentPostprocessing = 0;
		};
/* End PBXResourcesBuildPhase section */

/* Begin PBXShellScriptBuildPhase section */
		8C641B57A4FADC2E2949B995 /* [CP] Check Pods Manifest.lock */ = {
			isa = PBXShellScriptBuildPhase;
			buildActionMask = 2147483647;
			files = (
			);
			inputFileListPaths = (
			);
			inputPaths = (
				"${PODS_PODFILE_DIR_PATH}/Podfile.lock",
				"${PODS_ROOT}/Manifest.lock",
			);
			name = "[CP] Check Pods Manifest.lock";
			outputFileListPaths = (
			);
			outputPaths = (
				"$(DERIVED_FILE_DIR)/Pods-JavaScriptCoreDemoUITests-checkManifestLockResult.txt",
			);
			runOnlyForDeploymentPostprocessing = 0;
			shellPath = /bin/sh;
			shellScript = "diff \"${PODS_PODFILE_DIR_PATH}/Podfile.lock\" \"${PODS_ROOT}/Manifest.lock\" > /dev/null\nif [ $? != 0 ] ; then\n    # print error to STDERR\n    echo \"error: The sandbox is not in sync with the Podfile.lock. Run 'pod install' or update your CocoaPods installation.\" >&2\n    exit 1\nfi\n# This output is used by Xcode 'outputs' to avoid re-running this script phase.\necho \"SUCCESS\" > \"${SCRIPT_OUTPUT_FILE_0}\"\n";
			showEnvVarsInLog = 0;
		};
		93F2D92A6F80B7B7790CADAB /* [CP] Check Pods Manifest.lock */ = {
			isa = PBXShellScriptBuildPhase;
			buildActionMask = 2147483647;
			files = (
			);
			inputFileListPaths = (
			);
			inputPaths = (
				"${PODS_PODFILE_DIR_PATH}/Podfile.lock",
				"${PODS_ROOT}/Manifest.lock",
			);
			name = "[CP] Check Pods Manifest.lock";
			outputFileListPaths = (
			);
			outputPaths = (
				"$(DERIVED_FILE_DIR)/Pods-JavaScriptCoreDemoTests-checkManifestLockResult.txt",
			);
			runOnlyForDeploymentPostprocessing = 0;
			shellPath = /bin/sh;
			shellScript = "diff \"${PODS_PODFILE_DIR_PATH}/Podfile.lock\" \"${PODS_ROOT}/Manifest.lock\" > /dev/null\nif [ $? != 0 ] ; then\n    # print error to STDERR\n    echo \"error: The sandbox is not in sync with the Podfile.lock. Run 'pod install' or update your CocoaPods installation.\" >&2\n    exit 1\nfi\n# This output is used by Xcode 'outputs' to avoid re-running this script phase.\necho \"SUCCESS\" > \"${SCRIPT_OUTPUT_FILE_0}\"\n";
			showEnvVarsInLog = 0;
		};
		BDB2F7FD840EE23010C3C260 /* [CP] Check Pods Manifest.lock */ = {
			isa = PBXShellScriptBuildPhase;
			buildActionMask = 2147483647;
			files = (
			);
			inputFileListPaths = (
			);
			inputPaths = (
				"${PODS_PODFILE_DIR_PATH}/Podfile.lock",
				"${PODS_ROOT}/Manifest.lock",
			);
			name = "[CP] Check Pods Manifest.lock";
			outputFileListPaths = (
			);
			outputPaths = (
				"$(DERIVED_FILE_DIR)/Pods-JavaScriptCoreDemo-checkManifestLockResult.txt",
			);
			runOnlyForDeploymentPostprocessing = 0;
			shellPath = /bin/sh;
			shellScript = "diff \"${PODS_PODFILE_DIR_PATH}/Podfile.lock\" \"${PODS_ROOT}/Manifest.lock\" > /dev/null\nif [ $? != 0 ] ; then\n    # print error to STDERR\n    echo \"error: The sandbox is not in sync with the Podfile.lock. Run 'pod install' or update your CocoaPods installation.\" >&2\n    exit 1\nfi\n# This output is used by Xcode 'outputs' to avoid re-running this script phase.\necho \"SUCCESS\" > \"${SCRIPT_OUTPUT_FILE_0}\"\n";
			showEnvVarsInLog = 0;
		};
/* End PBXShellScriptBuildPhase section */

/* Begin PBXSourcesBuildPhase section */
		46E02B59238222F900AB5D75 /* Sources */ = {
			isa = PBXSourcesBuildPhase;
			buildActionMask = 2147483647;
			files = (
				4695EFCD2386832E00B99505 /* MyHitTestView.m in Sources */,
				46E02B952382237C00AB5D75 /* HomeOneViewController.m in Sources */,
				46E02BA1238224F600AB5D75 /* FHCTabBarController.m in Sources */,
				4695F0D62398F76E00B99505 /* FHCStackViewController.m in Sources */,
				46E02BA42382257700AB5D75 /* FHCNavigationController.m in Sources */,
				4695EFC82383CF0000B99505 /* Globle.m in Sources */,
				46E02B65238222FA00AB5D75 /* ViewController.m in Sources */,
				4695EFC02383C8F400B99505 /* MyObject.m in Sources */,
				46E02B9E238223A400AB5D75 /* HomeFourViewController.m in Sources */,
				46E02B982382238A00AB5D75 /* HomeTwoViewController.m in Sources */,
				46E02B70238222FB00AB5D75 /* main.m in Sources */,
				46E02B9B2382239600AB5D75 /* HomeThreeViewController.m in Sources */,
				4695F0DB2398FF4800B99505 /* FHCStackViewXibViewController.m in Sources */,
				46E02B62238222F900AB5D75 /* AppDelegate.m in Sources */,
			);
			runOnlyForDeploymentPostprocessing = 0;
		};
		46E02B71238222FB00AB5D75 /* Sources */ = {
			isa = PBXSourcesBuildPhase;
			buildActionMask = 2147483647;
			files = (
				46E02B7A238222FB00AB5D75 /* JavaScriptCoreDemoTests.m in Sources */,
			);
			runOnlyForDeploymentPostprocessing = 0;
		};
		46E02B7C238222FB00AB5D75 /* Sources */ = {
			isa = PBXSourcesBuildPhase;
			buildActionMask = 2147483647;
			files = (
				46E02B85238222FB00AB5D75 /* JavaScriptCoreDemoUITests.m in Sources */,
			);
			runOnlyForDeploymentPostprocessing = 0;
		};
/* End PBXSourcesBuildPhase section */

/* Begin PBXTargetDependency section */
		46E02B77238222FB00AB5D75 /* PBXTargetDependency */ = {
			isa = PBXTargetDependency;
			target = 46E02B5C238222F900AB5D75 /* JavaScriptCoreDemo */;
			targetProxy = 46E02B76238222FB00AB5D75 /* PBXContainerItemProxy */;
		};
		46E02B82238222FB00AB5D75 /* PBXTargetDependency */ = {
			isa = PBXTargetDependency;
			target = 46E02B5C238222F900AB5D75 /* JavaScriptCoreDemo */;
			targetProxy = 46E02B81238222FB00AB5D75 /* PBXContainerItemProxy */;
		};
/* End PBXTargetDependency section */

/* Begin PBXVariantGroup section */
		46E02B66238222FA00AB5D75 /* Main.storyboard */ = {
			isa = PBXVariantGroup;
			children = (
				46E02B67238222FA00AB5D75 /* Base */,
			);
			name = Main.storyboard;
			sourceTree = "<group>";
		};
		46E02B6B238222FB00AB5D75 /* LaunchScreen.storyboard */ = {
			isa = PBXVariantGroup;
			children = (
				46E02B6C238222FB00AB5D75 /* Base */,
			);
			name = LaunchScreen.storyboard;
			sourceTree = "<group>";
		};
/* End PBXVariantGroup section */

/* Begin XCBuildConfiguration section */
		46E02B87238222FB00AB5D75 /* Debug */ = {
			isa = XCBuildConfiguration;
			buildSettings = {
				ALWAYS_SEARCH_USER_PATHS = NO;
				CLANG_ANALYZER_NONNULL = YES;
				CLANG_ANALYZER_NUMBER_OBJECT_CONVERSION = YES_AGGRESSIVE;
				CLANG_CXX_LANGUAGE_STANDARD = "gnu++14";
				CLANG_CXX_LIBRARY = "libc++";
				CLANG_ENABLE_MODULES = YES;
				CLANG_ENABLE_OBJC_ARC = YES;
				CLANG_ENABLE_OBJC_WEAK = YES;
				CLANG_WARN_BLOCK_CAPTURE_AUTORELEASING = YES;
				CLANG_WARN_BOOL_CONVERSION = YES;
				CLANG_WARN_COMMA = YES;
				CLANG_WARN_CONSTANT_CONVERSION = YES;
				CLANG_WARN_DEPRECATED_OBJC_IMPLEMENTATIONS = YES;
				CLANG_WARN_DIRECT_OBJC_ISA_USAGE = YES_ERROR;
				CLANG_WARN_DOCUMENTATION_COMMENTS = YES;
				CLANG_WARN_EMPTY_BODY = YES;
				CLANG_WARN_ENUM_CONVERSION = YES;
				CLANG_WARN_INFINITE_RECURSION = YES;
				CLANG_WARN_INT_CONVERSION = YES;
				CLANG_WARN_NON_LITERAL_NULL_CONVERSION = YES;
				CLANG_WARN_OBJC_IMPLICIT_RETAIN_SELF = YES;
				CLANG_WARN_OBJC_LITERAL_CONVERSION = YES;
				CLANG_WARN_OBJC_ROOT_CLASS = YES_ERROR;
				CLANG_WARN_RANGE_LOOP_ANALYSIS = YES;
				CLANG_WARN_STRICT_PROTOTYPES = YES;
				CLANG_WARN_SUSPICIOUS_MOVE = YES;
				CLANG_WARN_UNGUARDED_AVAILABILITY = YES_AGGRESSIVE;
				CLANG_WARN_UNREACHABLE_CODE = YES;
				CLANG_WARN__DUPLICATE_METHOD_MATCH = YES;
				CODE_SIGN_IDENTITY = "iPhone Developer";
				COPY_PHASE_STRIP = NO;
				DEBUG_INFORMATION_FORMAT = dwarf;
				ENABLE_STRICT_OBJC_MSGSEND = YES;
				ENABLE_TESTABILITY = YES;
				GCC_C_LANGUAGE_STANDARD = gnu11;
				GCC_DYNAMIC_NO_PIC = NO;
				GCC_NO_COMMON_BLOCKS = YES;
				GCC_OPTIMIZATION_LEVEL = 0;
				GCC_PREPROCESSOR_DEFINITIONS = (
					"DEBUG=1",
					"$(inherited)",
				);
				GCC_WARN_64_TO_32_BIT_CONVERSION = YES;
				GCC_WARN_ABOUT_RETURN_TYPE = YES_ERROR;
				GCC_WARN_UNDECLARED_SELECTOR = YES;
				GCC_WARN_UNINITIALIZED_AUTOS = YES_AGGRESSIVE;
				GCC_WARN_UNUSED_FUNCTION = YES;
				GCC_WARN_UNUSED_VARIABLE = YES;
				IPHONEOS_DEPLOYMENT_TARGET = 12.1;
				MTL_ENABLE_DEBUG_INFO = INCLUDE_SOURCE;
				MTL_FAST_MATH = YES;
				ONLY_ACTIVE_ARCH = YES;
				SDKROOT = iphoneos;
			};
			name = Debug;
		};
		46E02B88238222FB00AB5D75 /* Release */ = {
			isa = XCBuildConfiguration;
			buildSettings = {
				ALWAYS_SEARCH_USER_PATHS = NO;
				CLANG_ANALYZER_NONNULL = YES;
				CLANG_ANALYZER_NUMBER_OBJECT_CONVERSION = YES_AGGRESSIVE;
				CLANG_CXX_LANGUAGE_STANDARD = "gnu++14";
				CLANG_CXX_LIBRARY = "libc++";
				CLANG_ENABLE_MODULES = YES;
				CLANG_ENABLE_OBJC_ARC = YES;
				CLANG_ENABLE_OBJC_WEAK = YES;
				CLANG_WARN_BLOCK_CAPTURE_AUTORELEASING = YES;
				CLANG_WARN_BOOL_CONVERSION = YES;
				CLANG_WARN_COMMA = YES;
				CLANG_WARN_CONSTANT_CONVERSION = YES;
				CLANG_WARN_DEPRECATED_OBJC_IMPLEMENTATIONS = YES;
				CLANG_WARN_DIRECT_OBJC_ISA_USAGE = YES_ERROR;
				CLANG_WARN_DOCUMENTATION_COMMENTS = YES;
				CLANG_WARN_EMPTY_BODY = YES;
				CLANG_WARN_ENUM_CONVERSION = YES;
				CLANG_WARN_INFINITE_RECURSION = YES;
				CLANG_WARN_INT_CONVERSION = YES;
				CLANG_WARN_NON_LITERAL_NULL_CONVERSION = YES;
				CLANG_WARN_OBJC_IMPLICIT_RETAIN_SELF = YES;
				CLANG_WARN_OBJC_LITERAL_CONVERSION = YES;
				CLANG_WARN_OBJC_ROOT_CLASS = YES_ERROR;
				CLANG_WARN_RANGE_LOOP_ANALYSIS = YES;
				CLANG_WARN_STRICT_PROTOTYPES = YES;
				CLANG_WARN_SUSPICIOUS_MOVE = YES;
				CLANG_WARN_UNGUARDED_AVAILABILITY = YES_AGGRESSIVE;
				CLANG_WARN_UNREACHABLE_CODE = YES;
				CLANG_WARN__DUPLICATE_METHOD_MATCH = YES;
				CODE_SIGN_IDENTITY = "iPhone Developer";
				COPY_PHASE_STRIP = NO;
				DEBUG_INFORMATION_FORMAT = "dwarf-with-dsym";
				ENABLE_NS_ASSERTIONS = NO;
				ENABLE_STRICT_OBJC_MSGSEND = YES;
				GCC_C_LANGUAGE_STANDARD = gnu11;
				GCC_NO_COMMON_BLOCKS = YES;
				GCC_WARN_64_TO_32_BIT_CONVERSION = YES;
				GCC_WARN_ABOUT_RETURN_TYPE = YES_ERROR;
				GCC_WARN_UNDECLARED_SELECTOR = YES;
				GCC_WARN_UNINITIALIZED_AUTOS = YES_AGGRESSIVE;
				GCC_WARN_UNUSED_FUNCTION = YES;
				GCC_WARN_UNUSED_VARIABLE = YES;
				IPHONEOS_DEPLOYMENT_TARGET = 12.1;
				MTL_ENABLE_DEBUG_INFO = NO;
				MTL_FAST_MATH = YES;
				SDKROOT = iphoneos;
				VALIDATE_PRODUCT = YES;
			};
			name = Release;
		};
		46E02B8A238222FB00AB5D75 /* Debug */ = {
			isa = XCBuildConfiguration;
			baseConfigurationReference = A40617718A97F94C51148DE5 /* Pods-JavaScriptCoreDemo.debug.xcconfig */;
			buildSettings = {
				ASSETCATALOG_COMPILER_APPICON_NAME = AppIcon;
				CODE_SIGN_STYLE = Automatic;
				GCC_PREFIX_HEADER = "$(SRCROOT)/PrefixHeader.pch";
				INFOPLIST_FILE = JavaScriptCoreDemo/Info.plist;
				IPHONEOS_DEPLOYMENT_TARGET = 8.0;
				LD_RUNPATH_SEARCH_PATHS = (
					"$(inherited)",
					"@executable_path/Frameworks",
				);
				PRODUCT_BUNDLE_IDENTIFIER = fuhuicong.JavaScriptCoreDemo;
				PRODUCT_NAME = "$(TARGET_NAME)";
				TARGETED_DEVICE_FAMILY = "1,2";
			};
			name = Debug;
		};
		46E02B8B238222FB00AB5D75 /* Release */ = {
			isa = XCBuildConfiguration;
			baseConfigurationReference = 63AF5482771A676A3871F914 /* Pods-JavaScriptCoreDemo.release.xcconfig */;
			buildSettings = {
				ASSETCATALOG_COMPILER_APPICON_NAME = AppIcon;
				CODE_SIGN_STYLE = Automatic;
				GCC_PREFIX_HEADER = "$(SRCROOT)/PrefixHeader.pch";
				INFOPLIST_FILE = JavaScriptCoreDemo/Info.plist;
				IPHONEOS_DEPLOYMENT_TARGET = 8.0;
				LD_RUNPATH_SEARCH_PATHS = (
					"$(inherited)",
					"@executable_path/Frameworks",
				);
				PRODUCT_BUNDLE_IDENTIFIER = fuhuicong.JavaScriptCoreDemo;
				PRODUCT_NAME = "$(TARGET_NAME)";
				TARGETED_DEVICE_FAMILY = "1,2";
			};
			name = Release;
		};
		46E02B8D238222FB00AB5D75 /* Debug */ = {
			isa = XCBuildConfiguration;
			baseConfigurationReference = 373F42CA785BA30211E99965 /* Pods-JavaScriptCoreDemoTests.debug.xcconfig */;
			buildSettings = {
				BUNDLE_LOADER = "$(TEST_HOST)";
				CODE_SIGN_STYLE = Automatic;
				INFOPLIST_FILE = JavaScriptCoreDemoTests/Info.plist;
				LD_RUNPATH_SEARCH_PATHS = (
					"$(inherited)",
					"@executable_path/Frameworks",
					"@loader_path/Frameworks",
				);
				PRODUCT_BUNDLE_IDENTIFIER = fuhuicong.JavaScriptCoreDemoTests;
				PRODUCT_NAME = "$(TARGET_NAME)";
				TARGETED_DEVICE_FAMILY = "1,2";
				TEST_HOST = "$(BUILT_PRODUCTS_DIR)/JavaScriptCoreDemo.app/JavaScriptCoreDemo";
			};
			name = Debug;
		};
		46E02B8E238222FB00AB5D75 /* Release */ = {
			isa = XCBuildConfiguration;
			baseConfigurationReference = 131A803C9F46C0D1AFF8204C /* Pods-JavaScriptCoreDemoTests.release.xcconfig */;
			buildSettings = {
				BUNDLE_LOADER = "$(TEST_HOST)";
				CODE_SIGN_STYLE = Automatic;
				INFOPLIST_FILE = JavaScriptCoreDemoTests/Info.plist;
				LD_RUNPATH_SEARCH_PATHS = (
					"$(inherited)",
					"@executable_path/Frameworks",
					"@loader_path/Frameworks",
				);
				PRODUCT_BUNDLE_IDENTIFIER = fuhuicong.JavaScriptCoreDemoTests;
				PRODUCT_NAME = "$(TARGET_NAME)";
				TARGETED_DEVICE_FAMILY = "1,2";
				TEST_HOST = "$(BUILT_PRODUCTS_DIR)/JavaScriptCoreDemo.app/JavaScriptCoreDemo";
			};
			name = Release;
		};
		46E02B90238222FB00AB5D75 /* Debug */ = {
			isa = XCBuildConfiguration;
			baseConfigurationReference = FFE0930AF0D1D69D29C64387 /* Pods-JavaScriptCoreDemoUITests.debug.xcconfig */;
			buildSettings = {
				CODE_SIGN_STYLE = Automatic;
				INFOPLIST_FILE = JavaScriptCoreDemoUITests/Info.plist;
				LD_RUNPATH_SEARCH_PATHS = (
					"$(inherited)",
					"@executable_path/Frameworks",
					"@loader_path/Frameworks",
				);
				PRODUCT_BUNDLE_IDENTIFIER = fuhuicong.JavaScriptCoreDemoUITests;
				PRODUCT_NAME = "$(TARGET_NAME)";
				TARGETED_DEVICE_FAMILY = "1,2";
				TEST_TARGET_NAME = JavaScriptCoreDemo;
			};
			name = Debug;
		};
		46E02B91238222FB00AB5D75 /* Release */ = {
			isa = XCBuildConfiguration;
			baseConfigurationReference = 0C05B16D5199BFB52BE9F310 /* Pods-JavaScriptCoreDemoUITests.release.xcconfig */;
			buildSettings = {
				CODE_SIGN_STYLE = Automatic;
				INFOPLIST_FILE = JavaScriptCoreDemoUITests/Info.plist;
				LD_RUNPATH_SEARCH_PATHS = (
					"$(inherited)",
					"@executable_path/Frameworks",
					"@loader_path/Frameworks",
				);
				PRODUCT_BUNDLE_IDENTIFIER = fuhuicong.JavaScriptCoreDemoUITests;
				PRODUCT_NAME = "$(TARGET_NAME)";
				TARGETED_DEVICE_FAMILY = "1,2";
				TEST_TARGET_NAME = JavaScriptCoreDemo;
			};
			name = Release;
		};
/* End XCBuildConfiguration section */

/* Begin XCConfigurationList section */
		46E02B58238222F900AB5D75 /* Build configuration list for PBXProject "JavaScriptCoreDemo" */ = {
			isa = XCConfigurationList;
			buildConfigurations = (
				46E02B87238222FB00AB5D75 /* Debug */,
				46E02B88238222FB00AB5D75 /* Release */,
			);
			defaultConfigurationIsVisible = 0;
			defaultConfigurationName = Release;
		};
		46E02B89238222FB00AB5D75 /* Build configuration list for PBXNativeTarget "JavaScriptCoreDemo" */ = {
			isa = XCConfigurationList;
			buildConfigurations = (
				46E02B8A238222FB00AB5D75 /* Debug */,
				46E02B8B238222FB00AB5D75 /* Release */,
			);
			defaultConfigurationIsVisible = 0;
			defaultConfigurationName = Release;
		};
		46E02B8C238222FB00AB5D75 /* Build configuration list for PBXNativeTarget "JavaScriptCoreDemoTests" */ = {
			isa = XCConfigurationList;
			buildConfigurations = (
				46E02B8D238222FB00AB5D75 /* Debug */,
				46E02B8E238222FB00AB5D75 /* Release */,
			);
			defaultConfigurationIsVisible = 0;
			defaultConfigurationName = Release;
		};
		46E02B8F238222FB00AB5D75 /* Build configuration list for PBXNativeTarget "JavaScriptCoreDemoUITests" */ = {
			isa = XCConfigurationList;
			buildConfigurations = (
				46E02B90238222FB00AB5D75 /* Debug */,
				46E02B91238222FB00AB5D75 /* Release */,
			);
			defaultConfigurationIsVisible = 0;
			defaultConfigurationName = Release;
		};
/* End XCConfigurationList section */
	};
	rootObject = 46E02B55238222F900AB5D75 /* Project object */;
}
